
Microsoft Visual Studio Solution File, Format Version 12.00
# Visual Studio 15
VisualStudioVersion = 15.0.27703.2000
MinimumVisualStudioVersion = 10.0.40219.1
Project("{FAE04EC0-301F-11D3-BF4B-00C04F79EFBC}") = "HelloWorld", "HelloWorld\HelloWorld.csproj", "{C25658F3-E4C6-41BD-97B4-14DA87978C70}"
EndProject
Global
	GlobalSection(SolutionConfigurationPlatforms) = preSolution
		Debug|Any CPU = Debug|Any CPU
		Release|Any CPU = Release|Any CPU
	EndGlobalSection
	GlobalSection(ProjectConfigurationPlatforms) = postSolution
		{C25658F3-E4C6-41BD-97B4-14DA87978C70}.Debug|Any CPU.ActiveCfg = Debug|Any CPU
		{C25658F3-E4C6-41BD-97B4-14DA87978C70}.Debug|Any CPU.Build.0 = Debug|Any CPU
		{C25658F3-E4C6-41BD-97B4-14DA87978C70}.Release|Any CPU.ActiveCfg = Release|Any CPU
		{C25658F3-E4C6-41BD-97B4-14DA87978C70}.Release|Any CPU.Build.0 = Release|Any CPU
	EndGlobalSection
	GlobalSection(SolutionProperties) = preSolution
		HideSolutionNode = FALSE
	EndGlobalSection
	GlobalSection(ExtensibilityGlobals) = postSolution
		SolutionGuid = {38B40884-5ABB-462D-9851-57662E5ED507}
	EndGlobalSection
EndGlobal
